
Microsoft Visual Studio Solution File, Format Version 12.00
# Visual Studio Version 16
VisualStudioVersion = 16.0.33214.272
MinimumVisualStudioVersion = 10.0.40219.1
Project("{FAE04EC0-301F-11D3-BF4B-00C04F79EFBC}") = "Sorteo de Animalitos", "Sorteo de Animalitos.csproj", "{90FE492C-7CEB-4000-B70C-4DE7181A0C39}"
EndProject
Global
	GlobalSection(SolutionConfigurationPlatforms) = preSolution
		Debug|Any CPU = Debug|Any CPU
		Release|Any CPU = Release|Any CPU
	EndGlobalSection
	GlobalSection(ProjectConfigurationPlatforms) = postSolution
		{90FE492C-7CEB-4000-B70C-4DE7181A0C39}.Debug|Any CPU.ActiveCfg = Debug|Any CPU
		{90FE492C-7CEB-4000-B70C-4DE7181A0C39}.Debug|Any CPU.Build.0 = Debug|Any CPU
		{90FE492C-7CEB-4000-B70C-4DE7181A0C39}.Release|Any CPU.ActiveCfg = Release|Any CPU
		{90FE492C-7CEB-4000-B70C-4DE7181A0C39}.Release|Any CPU.Build.0 = Release|Any CPU
	EndGlobalSection
	GlobalSection(SolutionProperties) = preSolution
		HideSolutionNode = FALSE
	EndGlobalSection
	GlobalSection(ExtensibilityGlobals) = postSolution
		SolutionGuid = {840FF1AE-586F-480B-87FE-8E4290700BD4}
	EndGlobalSection
EndGlobal
